
Microsoft Visual Studio Solution File, Format Version 12.00
# Visual Studio Version 17
VisualStudioVersion = 17.6.33829.357
MinimumVisualStudioVersion = 10.0.40219.1
Project("{FAE04EC0-301F-11D3-BF4B-00C04F79EFBC}") = "ChatApplication_SignalR", "ChatApplication_SignalR\ChatApplication_SignalR.csproj", "{5C31CBB5-5839-4CC7-9FF7-805F1C40CB5D}"
EndProject
Global
	GlobalSection(SolutionConfigurationPlatforms) = preSolution
		Debug|Any CPU = Debug|Any CPU
		Release|Any CPU = Release|Any CPU
	EndGlobalSection
	GlobalSection(ProjectConfigurationPlatforms) = postSolution
		{5C31CBB5-5839-4CC7-9FF7-805F1C40CB5D}.Debug|Any CPU.ActiveCfg = Debug|Any CPU
		{5C31CBB5-5839-4CC7-9FF7-805F1C40CB5D}.Debug|Any CPU.Build.0 = Debug|Any CPU
		{5C31CBB5-5839-4CC7-9FF7-805F1C40CB5D}.Release|Any CPU.ActiveCfg = Release|Any CPU
		{5C31CBB5-5839-4CC7-9FF7-805F1C40CB5D}.Release|Any CPU.Build.0 = Release|Any CPU
	EndGlobalSection
	GlobalSection(SolutionProperties) = preSolution
		HideSolutionNode = FALSE
	EndGlobalSection
	GlobalSection(ExtensibilityGlobals) = postSolution
		SolutionGuid = {EE90320D-92BC-4F6B-9A05-325FCEB0406B}
	EndGlobalSection
EndGlobal
